
Microsoft Visual Studio Solution File, Format Version 12.00
# Visual Studio Version 17
VisualStudioVersion = 17.1.32210.238
MinimumVisualStudioVersion = 10.0.40219.1
Project("{FAE04EC0-301F-11D3-BF4B-00C04F79EFBC}") = "PXPS2204", "PXPS2204\PXPS2204.csproj", "{DAC745A1-F515-477D-B42F-BF1C2C13F3AD}"
EndProject
Global
	GlobalSection(SolutionConfigurationPlatforms) = preSolution
		Debug|Any CPU = Debug|Any CPU
		Release|Any CPU = Release|Any CPU
	EndGlobalSection
	GlobalSection(ProjectConfigurationPlatforms) = postSolution
		{DAC745A1-F515-477D-B42F-BF1C2C13F3AD}.Debug|Any CPU.ActiveCfg = Debug|Any CPU
		{DAC745A1-F515-477D-B42F-BF1C2C13F3AD}.Debug|Any CPU.Build.0 = Debug|Any CPU
		{DAC745A1-F515-477D-B42F-BF1C2C13F3AD}.Release|Any CPU.ActiveCfg = Release|Any CPU
		{DAC745A1-F515-477D-B42F-BF1C2C13F3AD}.Release|Any CPU.Build.0 = Release|Any CPU
	EndGlobalSection
	GlobalSection(SolutionProperties) = preSolution
		HideSolutionNode = FALSE
	EndGlobalSection
	GlobalSection(ExtensibilityGlobals) = postSolution
		SolutionGuid = {3F0B9174-CB57-4CDC-8006-A1997D6CD228}
	EndGlobalSection
EndGlobal
